
Microsoft Visual Studio Solution File, Format Version 12.00
# Visual Studio 15
VisualStudioVersion = 15.0.28307.106
MinimumVisualStudioVersion = 10.0.40219.1
Project("{9A19103F-16F7-4668-BE54-9A1E7A4F7556}") = "SaintJudeHospital", "SaintJudeHospital\SaintJudeHospital.csproj", "{C2F2F8CA-EC13-442A-8F4E-E9B52FC7626F}"
EndProject
Project("{FAE04EC0-301F-11D3-BF4B-00C04F79EFBC}") = "SaintJudeHospital.Data", "SaintJudeHospital.Data\SaintJudeHospital.Data.csproj", "{77100BC0-740F-484F-8BBF-94B8A00D6B42}"
EndProject
Project("{FAE04EC0-301F-11D3-BF4B-00C04F79EFBC}") = "SaintJudeHospital.Services", "SaintJudeHospital.Services\SaintJudeHospital.Services.csproj", "{4FE47491-93F9-43A7-9C27-40F31CC5F65D}"
EndProject
Project("{FAE04EC0-301F-11D3-BF4B-00C04F79EFBC}") = "SaintJudeHospital.Mediators", "SaintJudeHospital.Mediators\SaintJudeHospital.Mediators.csproj", "{D841A329-627A-48C2-B6DE-C65FBCAB0C01}"
EndProject
Global
	GlobalSection(SolutionConfigurationPlatforms) = preSolution
		Debug|Any CPU = Debug|Any CPU
		Release|Any CPU = Release|Any CPU
	EndGlobalSection
	GlobalSection(ProjectConfigurationPlatforms) = postSolution
		{C2F2F8CA-EC13-442A-8F4E-E9B52FC7626F}.Debug|Any CPU.ActiveCfg = Debug|Any CPU
		{C2F2F8CA-EC13-442A-8F4E-E9B52FC7626F}.Debug|Any CPU.Build.0 = Debug|Any CPU
		{C2F2F8CA-EC13-442A-8F4E-E9B52FC7626F}.Release|Any CPU.ActiveCfg = Release|Any CPU
		{C2F2F8CA-EC13-442A-8F4E-E9B52FC7626F}.Release|Any CPU.Build.0 = Release|Any CPU
		{77100BC0-740F-484F-8BBF-94B8A00D6B42}.Debug|Any CPU.ActiveCfg = Debug|Any CPU
		{77100BC0-740F-484F-8BBF-94B8A00D6B42}.Debug|Any CPU.Build.0 = Debug|Any CPU
		{77100BC0-740F-484F-8BBF-94B8A00D6B42}.Release|Any CPU.ActiveCfg = Release|Any CPU
		{77100BC0-740F-484F-8BBF-94B8A00D6B42}.Release|Any CPU.Build.0 = Release|Any CPU
		{4FE47491-93F9-43A7-9C27-40F31CC5F65D}.Debug|Any CPU.ActiveCfg = Debug|Any CPU
		{4FE47491-93F9-43A7-9C27-40F31CC5F65D}.Debug|Any CPU.Build.0 = Debug|Any CPU
		{4FE47491-93F9-43A7-9C27-40F31CC5F65D}.Release|Any CPU.ActiveCfg = Release|Any CPU
		{4FE47491-93F9-43A7-9C27-40F31CC5F65D}.Release|Any CPU.Build.0 = Release|Any CPU
		{D841A329-627A-48C2-B6DE-C65FBCAB0C01}.Debug|Any CPU.ActiveCfg = Debug|Any CPU
		{D841A329-627A-48C2-B6DE-C65FBCAB0C01}.Debug|Any CPU.Build.0 = Debug|Any CPU
		{D841A329-627A-48C2-B6DE-C65FBCAB0C01}.Release|Any CPU.ActiveCfg = Release|Any CPU
		{D841A329-627A-48C2-B6DE-C65FBCAB0C01}.Release|Any CPU.Build.0 = Release|Any CPU
	EndGlobalSection
	GlobalSection(SolutionProperties) = preSolution
		HideSolutionNode = FALSE
	EndGlobalSection
	GlobalSection(ExtensibilityGlobals) = postSolution
		SolutionGuid = {3C0564B6-E7B3-4D4B-803A-C8FF768C7AAC}
	EndGlobalSection
EndGlobal
